PODS:
  - Alamofire (5.4.3)
  - Hero (1.6.1)
  - lottie-ios (3.2.3)
  - NMapsMap (3.11.0)
  - Realm (10.7.6):
    - Realm/Headers (= 10.7.6)
  - Realm/Headers (10.7.6)
  - RealmSwift (10.7.6):
    - Realm (= 10.7.6)

DEPENDENCIES:
  - Alamofire
  - Hero
  - lottie-ios
  - NMapsMap
  - RealmSwift

SPEC REPOS:
  trunk:
    - Alamofire
    - Hero
    - lottie-ios
    - NMapsMap
    - Realm
    - RealmSwift

SPEC CHECKSUMS:
  Alamofire: e447a2774a40c996748296fa2c55112fdbbc42f9
  Hero: 215865ba3ae41dd9bb08cd6c60a645529c6fc94b
  lottie-ios: c058aeafa76daa4cf64d773554bccc8385d0150e
  NMapsMap: e6dbea85c2c195c7532deb637a5e90fd70f94fed
  Realm: ed860452717c8db8f4bf832b6807f7f2ce708839
  RealmSwift: e31c4ddbcc42ac879313d656b86f9ca539f6f4f4

PODFILE CHECKSUM: 5ef144dddcd1ea9c46e716fdd5c8f815c042c42b

COCOAPODS: 1.10.1
